
Microsoft Visual Studio Solution File, Format Version 12.00
# Visual Studio Version 17
VisualStudioVersion = 17.9.34701.34
MinimumVisualStudioVersion = 10.0.40219.1
Project("{FAE04EC0-301F-11D3-BF4B-00C04F79EFBC}") = "Ejercicio3TP6", "Ejercicio3TP6\Ejercicio3TP6.csproj", "{6320AF4B-648B-402C-961A-23FB175FAB6E}"
EndProject
Global
	GlobalSection(SolutionConfigurationPlatforms) = preSolution
		Debug|Any CPU = Debug|Any CPU
		Release|Any CPU = Release|Any CPU
	EndGlobalSection
	GlobalSection(ProjectConfigurationPlatforms) = postSolution
		{6320AF4B-648B-402C-961A-23FB175FAB6E}.Debug|Any CPU.ActiveCfg = Debug|Any CPU
		{6320AF4B-648B-402C-961A-23FB175FAB6E}.Debug|Any CPU.Build.0 = Debug|Any CPU
		{6320AF4B-648B-402C-961A-23FB175FAB6E}.Release|Any CPU.ActiveCfg = Release|Any CPU
		{6320AF4B-648B-402C-961A-23FB175FAB6E}.Release|Any CPU.Build.0 = Release|Any CPU
	EndGlobalSection
	GlobalSection(SolutionProperties) = preSolution
		HideSolutionNode = FALSE
	EndGlobalSection
	GlobalSection(ExtensibilityGlobals) = postSolution
		SolutionGuid = {B4D2ACFF-6DCD-4877-A7D3-DFA648A49833}
	EndGlobalSection
EndGlobal
