
Microsoft Visual Studio Solution File, Format Version 12.00
# Visual Studio Version 17
VisualStudioVersion = 17.9.34701.34
MinimumVisualStudioVersion = 10.0.40219.1
Project("{FAE04EC0-301F-11D3-BF4B-00C04F79EFBC}") = "Ejercicio6TP6", "Ejercicio6TP6\Ejercicio6TP6.csproj", "{BEACECA6-D639-473C-AE43-967632E779BF}"
EndProject
Global
	GlobalSection(SolutionConfigurationPlatforms) = preSolution
		Debug|Any CPU = Debug|Any CPU
		Release|Any CPU = Release|Any CPU
	EndGlobalSection
	GlobalSection(ProjectConfigurationPlatforms) = postSolution
		{BEACECA6-D639-473C-AE43-967632E779BF}.Debug|Any CPU.ActiveCfg = Debug|Any CPU
		{BEACECA6-D639-473C-AE43-967632E779BF}.Debug|Any CPU.Build.0 = Debug|Any CPU
		{BEACECA6-D639-473C-AE43-967632E779BF}.Release|Any CPU.ActiveCfg = Release|Any CPU
		{BEACECA6-D639-473C-AE43-967632E779BF}.Release|Any CPU.Build.0 = Release|Any CPU
	EndGlobalSection
	GlobalSection(SolutionProperties) = preSolution
		HideSolutionNode = FALSE
	EndGlobalSection
	GlobalSection(ExtensibilityGlobals) = postSolution
		SolutionGuid = {354FF38A-1AED-416B-9DEE-4D73D07C50E8}
	EndGlobalSection
EndGlobal
